
Microsoft Visual Studio Solution File, Format Version 12.00
# Visual Studio Version 16
VisualStudioVersion = 16.0.30907.101
MinimumVisualStudioVersion = 10.0.40219.1
Project("{FAE04EC0-301F-11D3-BF4B-00C04F79EFBC}") = "TP_Updater", "TP_Updater\TP_Updater.csproj", "{5BE2A9D5-C6E3-4A84-ACAC-7337ACC5D8BF}"
EndProject
Global
	GlobalSection(SolutionConfigurationPlatforms) = preSolution
		Debug|Any CPU = Debug|Any CPU
		Release|Any CPU = Release|Any CPU
	EndGlobalSection
	GlobalSection(ProjectConfigurationPlatforms) = postSolution
		{5BE2A9D5-C6E3-4A84-ACAC-7337ACC5D8BF}.Debug|Any CPU.ActiveCfg = Debug|Any CPU
		{5BE2A9D5-C6E3-4A84-ACAC-7337ACC5D8BF}.Debug|Any CPU.Build.0 = Debug|Any CPU
		{5BE2A9D5-C6E3-4A84-ACAC-7337ACC5D8BF}.Release|Any CPU.ActiveCfg = Release|Any CPU
		{5BE2A9D5-C6E3-4A84-ACAC-7337ACC5D8BF}.Release|Any CPU.Build.0 = Release|Any CPU
	EndGlobalSection
	GlobalSection(SolutionProperties) = preSolution
		HideSolutionNode = FALSE
	EndGlobalSection
	GlobalSection(ExtensibilityGlobals) = postSolution
		SolutionGuid = {5DC830BB-A936-4198-8046-651C75D7BE18}
	EndGlobalSection
EndGlobal
